{
  "nodes": {
    "click": {
      "inputs": {
        "nixpkgs": [
          "dump-dvb",
          "nixpkgs"
        ],
        "utils": [
          "dump-dvb",
          "utils"
        ]
      },
      "locked": {
        "lastModified": 1663799423,
        "narHash": "sha256-IPflrTeXkcTCSKmZnQHUCjfqkka/UiS3Im0cu/bHl6k=",
        "owner": "dump-dvb",
        "repo": "click",
        "rev": "4bf0ee3304556bd2a00cc5658409ffb38b9c386f",
        "type": "github"
      },
      "original": {
        "owner": "dump-dvb",
        "repo": "click",
        "type": "github"
      }
    },
    "clicky-bunty-server": {
      "inputs": {
        "naersk": [
          "dump-dvb",
          "naersk"
        ],
        "nixpkgs": [
          "dump-dvb",
          "nixpkgs"
        ],
        "utils": [
          "dump-dvb",
          "utils"
        ]
      },
      "locked": {
        "lastModified": 1663719647,
        "narHash": "sha256-mq0Zmj9hzO/8KlBdrBKXFnD+4/DMtfDXJ4XpoKz6Aus=",
        "owner": "dump-dvb",
        "repo": "clicky-bunty-server",
        "rev": "a483e2e263c44e08d6d51fd6a4048b9bf8ac1851",
        "type": "github"
      },
      "original": {
        "owner": "dump-dvb",
        "repo": "clicky-bunty-server",
        "type": "github"
      }
    },
    "data-accumulator": {
      "inputs": {
        "naersk": [
          "dump-dvb",
          "naersk"
        ],
        "nixpkgs": [
          "dump-dvb",
          "nixpkgs"
        ],
        "utils": [
          "dump-dvb",
          "utils"
        ]
      },
      "locked": {
        "lastModified": 1666442469,
        "narHash": "sha256-ju/Ods+UJ/TXeIPy9otZdKS+8wKTf3811b3o2w6fywg=",
        "owner": "dump-dvb",
        "repo": "data-accumulator",
        "rev": "816b49ce42709512a95511b63faa4a08ccdfc876",
        "type": "github"
      },
      "original": {
        "owner": "dump-dvb",
        "repo": "data-accumulator",
        "type": "github"
      }
    },
    "decode-server": {
      "inputs": {
        "naersk": [
          "dump-dvb",
          "naersk"
        ],
        "nixpkgs": [
          "dump-dvb",
          "nixpkgs"
        ],
        "utils": [
          "dump-dvb",
          "utils"
        ]
      },
      "locked": {
        "lastModified": 1664531762,
        "narHash": "sha256-c2uxy+oakQTk3rZwfSqSQqp7YXbIAQhqyqNEKPjWFHM=",
        "owner": "dump-dvb",
        "repo": "decode-server",
        "rev": "6c12b1ab3ea2d80d63454d13a92fe15a93ba9973",
        "type": "github"
      },
      "original": {
        "owner": "dump-dvb",
        "repo": "decode-server",
        "type": "github"
      }
    },
    "documentation-src": {
      "flake": false,
      "locked": {
        "lastModified": 1667248000,
        "narHash": "sha256-aWC6rg0hWrkf811olGitDLKQhUew3TA1RgS715w2BaQ=",
        "owner": "dump-dvb",
        "repo": "documentation",
        "rev": "90ad7ac10b671c1e46fc9dfc90d1c2df9681959e",
        "type": "github"
      },
      "original": {
        "owner": "dump-dvb",
        "repo": "documentation",
        "type": "github"
      }
    },
    "dump-dvb": {
      "inputs": {
        "click": "click",
        "clicky-bunty-server": "clicky-bunty-server",
        "data-accumulator": "data-accumulator",
        "decode-server": "decode-server",
        "dump-dvb-rs": "dump-dvb-rs",
        "dvb-api": "dvb-api",
        "funnel": "funnel",
        "naersk": "naersk",
        "nixpkgs": [
          "nixpkgs"
        ],
        "radio-conf": "radio-conf",
        "stops": "stops",
        "trekkie": "trekkie",
        "utils": "utils_2",
        "wartrammer": "wartrammer",
        "windshield": "windshield"
      },
      "locked": {
        "lastModified": 1668850437,
        "narHash": "sha256-BBBO4AuuHS19yQ8QqK7yGxsfAYwgY/6OiO7m30aLNA8=",
        "owner": "dump-dvb",
        "repo": "dump-dvb.nix",
        "rev": "0c996ee117ffba8aecb73affcd789734f50ce778",
        "type": "github"
      },
      "original": {
        "owner": "dump-dvb",
        "repo": "dump-dvb.nix",
        "type": "github"
      }
    },
    "dump-dvb-rs": {
      "inputs": {
        "nixpkgs": [
          "dump-dvb",
          "nixpkgs"
        ]
      },
      "locked": {
        "lastModified": 1665951258,
        "narHash": "sha256-t0aUYq4jiLiAcyDCJrI9UitydM3TLG/inupuM92n2GI=",
        "owner": "dump-dvb",
        "repo": "dump-dvb.rs",
        "rev": "6fbb6bdcab4441cdee853e8e8c484606f8cf0dfc",
        "type": "github"
      },
      "original": {
        "owner": "dump-dvb",
        "repo": "dump-dvb.rs",
        "type": "github"
      }
    },
    "dump-dvb-rust": {
      "flake": false,
      "locked": {
        "lastModified": 1665951258,
        "narHash": "sha256-t0aUYq4jiLiAcyDCJrI9UitydM3TLG/inupuM92n2GI=",
        "owner": "dump-dvb",
        "repo": "dump-dvb.rs",
        "rev": "6fbb6bdcab4441cdee853e8e8c484606f8cf0dfc",
        "type": "github"
      },
      "original": {
        "owner": "dump-dvb",
        "repo": "dump-dvb.rs",
        "type": "github"
      }
    },
    "dvb-api": {
      "inputs": {
        "naersk": [
          "dump-dvb",
          "naersk"
        ],
        "nixpkgs": [
          "dump-dvb",
          "nixpkgs"
        ],
        "utils": [
          "dump-dvb",
          "utils"
        ]
      },
      "locked": {
        "lastModified": 1666203316,
        "narHash": "sha256-r1LSFBQeIw/vWpHZkGAd1F90qR0OmVso+3ysxZxUawM=",
        "owner": "dump-dvb",
        "repo": "dvb-api",
        "rev": "7c461f511ada7af255b5b1b6ecbd97093e238631",
        "type": "github"
      },
      "original": {
        "owner": "dump-dvb",
        "repo": "dvb-api",
        "type": "github"
      }
    },
    "fenix": {
      "inputs": {
        "nixpkgs": [
          "dump-dvb",
          "stops",
          "nixpkgs"
        ],
        "rust-analyzer-src": "rust-analyzer-src"
      },
      "locked": {
        "lastModified": 1651732109,
        "narHash": "sha256-W3GuTyMxswHGfaYTQ4Ajev6GxfDef8YyxyYbFgrfwNk=",
        "owner": "nix-community",
        "repo": "fenix",
        "rev": "4b6dda7529e6d1d8d2ce43b7cb18efdefd5c4c3c",
        "type": "github"
      },
      "original": {
        "owner": "nix-community",
        "repo": "fenix",
        "type": "github"
      }
    },
    "flake-utils": {
      "locked": {
        "lastModified": 1659877975,
        "narHash": "sha256-zllb8aq3YO3h8B/U0/J1WBgAL8EX5yWf5pMj3G0NAmc=",
        "owner": "numtide",
        "repo": "flake-utils",
        "rev": "c0e246b9b83f637f4681389ecabcb2681b4f3af0",
        "type": "github"
      },
      "original": {
        "owner": "numtide",
        "repo": "flake-utils",
        "type": "github"
      }
    },
    "funnel": {
      "inputs": {
        "dump-dvb-rust": "dump-dvb-rust",
        "nixpkgs": [
          "dump-dvb",
          "nixpkgs"
        ],
        "utils": [
          "dump-dvb",
          "utils"
        ]
      },
      "locked": {
        "lastModified": 1668847457,
        "narHash": "sha256-haU4EeGsg7vgtiSkBI8GHPNU866yLsoV53QvJfDajJI=",
        "owner": "dump-dvb",
        "repo": "funnel",
        "rev": "3c36beec8e48217b378a9fd86098cde15a547d08",
        "type": "github"
      },
      "original": {
        "owner": "dump-dvb",
        "repo": "funnel",
        "type": "github"
      }
    },
    "microvm": {
      "inputs": {
        "flake-utils": "flake-utils",
        "nixpkgs": [
          "nixpkgs"
        ]
      },
      "locked": {
        "lastModified": 1668518796,
        "narHash": "sha256-DyteijJn0JZphJdQaHpPWxvkKrBPvCW3B53tCasDX8c=",
        "owner": "astro",
        "repo": "microvm.nix",
        "rev": "5181933ca7bbaad37ceb82a848630ea3b30d522b",
        "type": "github"
      },
      "original": {
        "owner": "astro",
        "repo": "microvm.nix",
        "type": "github"
      }
    },
    "naersk": {
      "inputs": {
        "nixpkgs": [
          "dump-dvb",
          "nixpkgs"
        ]
      },
      "locked": {
        "lastModified": 1662220400,
        "narHash": "sha256-9o2OGQqu4xyLZP9K6kNe1pTHnyPz0Wr3raGYnr9AIgY=",
        "owner": "nix-community",
        "repo": "naersk",
        "rev": "6944160c19cb591eb85bbf9b2f2768a935623ed3",
        "type": "github"
      },
      "original": {
        "owner": "nix-community",
        "repo": "naersk",
        "type": "github"
      }
    },
    "nixpkgs": {
      "locked": {
        "lastModified": 1668766498,
        "narHash": "sha256-UjZlIrbHGlL3H3HZNPTxPSwJfr49jIfbPWCYxk0EQm4=",
        "owner": "NixOS",
        "repo": "nixpkgs",
        "rev": "f42a45c015f28ac3beeb0df360e50cdbf495d44b",
        "type": "github"
      },
      "original": {
        "owner": "NixOS",
        "ref": "nixos-22.05",
        "repo": "nixpkgs",
        "type": "github"
      }
    },
    "nixpkgs-22_05": {
      "locked": {
        "lastModified": 1668307144,
        "narHash": "sha256-uY2StvGJvTfgtLaiz3uvX+EQeWZDkiLFiz2vekgJ9ZE=",
        "owner": "NixOS",
        "repo": "nixpkgs",
        "rev": "eac99848dfd869e486573d8272b0c10729675ca2",
        "type": "github"
      },
      "original": {
        "owner": "NixOS",
        "ref": "release-22.05",
        "repo": "nixpkgs",
        "type": "github"
      }
    },
    "nixpkgs-unstable": {
      "locked": {
        "lastModified": 1665643254,
        "narHash": "sha256-IBVWNJxGCsshwh62eRfR6+ry3bSXmulB3VQRzLQo3hk=",
        "owner": "NixOS",
        "repo": "nixpkgs",
        "rev": "ba187fbdc5e35322c7dff556ef2c47bddfd6e8d7",
        "type": "github"
      },
      "original": {
        "owner": "NixOS",
        "ref": "nixos-unstable",
        "repo": "nixpkgs",
        "type": "github"
      }
    },
    "radio-conf": {
      "inputs": {
        "nixpkgs": [
          "dump-dvb",
          "nixpkgs"
        ],
        "utils": [
          "dump-dvb",
          "utils"
        ]
      },
      "locked": {
        "lastModified": 1665616750,
        "narHash": "sha256-LKkr9h805FuJ+wXUatQ+cz7Vt59S9I7gN/1yzwmraZE=",
        "owner": "dump-dvb",
        "repo": "radio-conf",
        "rev": "f6f42736cc1a1024c5da4cce69d56042499d81d3",
        "type": "github"
      },
      "original": {
        "owner": "dump-dvb",
        "repo": "radio-conf",
        "type": "github"
      }
    },
    "root": {
      "inputs": {
        "documentation-src": "documentation-src",
        "dump-dvb": "dump-dvb",
        "microvm": "microvm",
        "nixpkgs": "nixpkgs",
        "sops-nix": "sops-nix"
      }
    },
    "rust-analyzer-src": {
      "flake": false,
      "locked": {
        "lastModified": 1651656737,
        "narHash": "sha256-+nc9Rrc1PBGAx2jXV57Af8WL4nQTTNGX2fp63YD7ynU=",
        "owner": "rust-lang",
        "repo": "rust-analyzer",
        "rev": "1f709d54463972b189a3120be4073c507f2fbc00",
        "type": "github"
      },
      "original": {
        "owner": "rust-lang",
        "ref": "nightly",
        "repo": "rust-analyzer",
        "type": "github"
      }
    },
    "sops-nix": {
      "inputs": {
        "nixpkgs": [
          "nixpkgs"
        ],
        "nixpkgs-22_05": "nixpkgs-22_05"
      },
      "locked": {
        "lastModified": 1668311578,
        "narHash": "sha256-nF6mwSbVyvnlIICWFZlADegWdTsgrk1pZnA/0VqByNw=",
        "owner": "Mic92",
        "repo": "sops-nix",
        "rev": "39f0fe57f1ef78764c1abc1de145f091fee1bbbb",
        "type": "github"
      },
      "original": {
        "owner": "Mic92",
        "repo": "sops-nix",
        "type": "github"
      }
    },
    "stops": {
      "inputs": {
        "fenix": "fenix",
        "naersk": [
          "dump-dvb",
          "naersk"
        ],
        "nixpkgs": [
          "dump-dvb",
          "nixpkgs"
        ],
        "utils": [
          "dump-dvb",
          "utils"
        ]
      },
      "locked": {
        "lastModified": 1667764758,
        "narHash": "sha256-h2BR06526xOhdU8PaBb8iD/jMvEVCuXuG7ZjCsJOBRo=",
        "owner": "dump-dvb",
        "repo": "stop-names",
        "rev": "5aacf3485cdff770be42aded04a74913da6c7a9a",
        "type": "github"
      },
      "original": {
        "owner": "dump-dvb",
        "repo": "stop-names",
        "type": "github"
      }
    },
    "trekkie": {
      "inputs": {
        "naersk": [
          "dump-dvb",
          "naersk"
        ],
        "nixpkgs": [
          "dump-dvb",
          "nixpkgs"
        ],
        "utils": "utils"
      },
      "locked": {
        "lastModified": 1665678384,
        "narHash": "sha256-B12DUEFUYszCc8hqRx+LGasaEUZw+KtWRFm/95+10BM=",
        "owner": "dump-dvb",
        "repo": "trekkie",
        "rev": "841569d94b8883bf9023dded6c664d4826495980",
        "type": "github"
      },
      "original": {
        "owner": "dump-dvb",
        "repo": "trekkie",
        "type": "github"
      }
    },
    "utils": {
      "locked": {
        "lastModified": 1659877975,
        "narHash": "sha256-zllb8aq3YO3h8B/U0/J1WBgAL8EX5yWf5pMj3G0NAmc=",
        "owner": "numtide",
        "repo": "flake-utils",
        "rev": "c0e246b9b83f637f4681389ecabcb2681b4f3af0",
        "type": "github"
      },
      "original": {
        "owner": "numtide",
        "repo": "flake-utils",
        "type": "github"
      }
    },
    "utils_2": {
      "locked": {
        "lastModified": 1667395993,
        "narHash": "sha256-nuEHfE/LcWyuSWnS8t12N1wc105Qtau+/OdUAjtQ0rA=",
        "owner": "numtide",
        "repo": "flake-utils",
        "rev": "5aed5285a952e0b949eb3ba02c12fa4fcfef535f",
        "type": "github"
      },
      "original": {
        "owner": "numtide",
        "repo": "flake-utils",
        "type": "github"
      }
    },
    "wartrammer": {
      "inputs": {
        "naersk": [
          "dump-dvb",
          "naersk"
        ],
        "nixpkgs": [
          "dump-dvb",
          "nixpkgs"
        ],
        "nixpkgs-unstable": "nixpkgs-unstable",
        "utils": [
          "dump-dvb",
          "utils"
        ]
      },
      "locked": {
        "lastModified": 1665780943,
        "narHash": "sha256-4tnTVfz25GzY/1vCAITMeWkMqrzVRJUmpSMfqxcU0C4=",
        "owner": "dump-dvb",
        "repo": "wartrammer-40k",
        "rev": "896550451f1e3b33c7fa8a08922efa3b6b73e4ad",
        "type": "github"
      },
      "original": {
        "owner": "dump-dvb",
        "repo": "wartrammer-40k",
        "type": "github"
      }
    },
    "windshield": {
      "inputs": {
        "nixpkgs": [
          "dump-dvb",
          "nixpkgs"
        ],
        "utils": [
          "dump-dvb",
          "utils"
        ]
      },
      "locked": {
        "lastModified": 1668598274,
        "narHash": "sha256-6ybHt7kt7mThrtn5SYtcSMcZDOFWnQijwC8rTSoZioo=",
        "owner": "dump-dvb",
        "repo": "windshield",
        "rev": "d2a53aa2022a35f4e7764dea42256187f0da43ae",
        "type": "github"
      },
      "original": {
        "owner": "dump-dvb",
        "repo": "windshield",
        "type": "github"
      }
    }
  },
  "root": "root",
  "version": 7
}
