{
  "nodes": {
    "data-accumulator": {
      "inputs": {
        "naersk": [
          "naersk"
        ],
        "nixpkgs": [
          "nixpkgs"
        ],
        "stops": [
          "stops"
        ],
        "utils": "utils"
      },
      "locked": {
        "lastModified": 1652293408,
        "narHash": "sha256-lj38EcFe6Y4m23m9Bmqste6KX7haDFE51u7wlbBeLo4=",
        "owner": "dump-dvb",
        "repo": "data-accumulator",
        "rev": "1e0c67be519c03cc03febff604186e8281ad74e5",
        "type": "github"
      },
      "original": {
        "owner": "dump-dvb",
        "repo": "data-accumulator",
        "type": "github"
      }
    },
    "decode-server": {
      "inputs": {
        "naersk": "naersk",
        "nixpkgs": "nixpkgs",
        "utils": "utils_2"
      },
      "locked": {
        "lastModified": 1652291160,
        "narHash": "sha256-fDIZ7Rtm77J9lB+iY9UXtlGF/iKSUQIEVZ4K1cpvp7g=",
        "owner": "dump-dvb",
        "repo": "decode-server",
        "rev": "6bcfa32304434473f4c264aed040eff958bd8e05",
        "type": "github"
      },
      "original": {
        "owner": "dump-dvb",
        "repo": "decode-server",
        "type": "github"
      }
    },
    "docs": {
      "inputs": {
        "nixpkgs": [
          "nixpkgs"
        ]
      },
      "locked": {
        "lastModified": 1652107302,
        "narHash": "sha256-iq45VgrTL97HQvuQ5mW9NoG3XMCWLKBSpT8yXxxskpU=",
        "owner": "dump-dvb",
        "repo": "documentation",
        "rev": "fd8fa3d6633623bf0f2f89e239b06d4cd9fcdb90",
        "type": "github"
      },
      "original": {
        "owner": "dump-dvb",
        "repo": "documentation",
        "type": "github"
      }
    },
    "dvb-api": {
      "inputs": {
        "naersk": [
          "naersk"
        ],
        "nixpkgs": [
          "nixpkgs"
        ],
        "utils": "utils_3"
      },
      "locked": {
        "lastModified": 1652292948,
        "narHash": "sha256-6BOUZnTkavF/XR6cyy6462hQiC6qiHMYogEvUelwFUU=",
        "owner": "dump-dvb",
        "repo": "dvb-api",
        "rev": "4793ba7d7e7274796d9398fa7ca78e291973034e",
        "type": "github"
      },
      "original": {
        "owner": "dump-dvb",
        "repo": "dvb-api",
        "type": "github"
      }
    },
    "naersk": {
      "inputs": {
        "nixpkgs": [
          "decode-server",
          "nixpkgs"
        ]
      },
      "locked": {
        "lastModified": 1651574473,
        "narHash": "sha256-wQhFORvRjo8LB2hTmETmv6cbyKGDPbfWqvZ/0chnDE4=",
        "owner": "nix-community",
        "repo": "naersk",
        "rev": "f21309b38e1da0d61b881b6b6d41b81c1aed4e1d",
        "type": "github"
      },
      "original": {
        "owner": "nix-community",
        "repo": "naersk",
        "type": "github"
      }
    },
    "naersk_2": {
      "inputs": {
        "nixpkgs": [
          "nixpkgs"
        ]
      },
      "locked": {
        "lastModified": 1651574473,
        "narHash": "sha256-wQhFORvRjo8LB2hTmETmv6cbyKGDPbfWqvZ/0chnDE4=",
        "owner": "nix-community",
        "repo": "naersk",
        "rev": "f21309b38e1da0d61b881b6b6d41b81c1aed4e1d",
        "type": "github"
      },
      "original": {
        "owner": "nix-community",
        "repo": "naersk",
        "type": "github"
      }
    },
    "nixpkgs": {
      "locked": {
        "lastModified": 1651571855,
        "narHash": "sha256-KZie6c2J2DUPLjG2PkYSwGLvD6RygA3TxZSPQpctbNI=",
        "owner": "NixOS",
        "repo": "nixpkgs",
        "rev": "fd43ce017d4c95f47166d28664a004f57458a0b1",
        "type": "github"
      },
      "original": {
        "owner": "NixOS",
        "ref": "nixos-21.11",
        "repo": "nixpkgs",
        "type": "github"
      }
    },
    "nixpkgs_2": {
      "locked": {
        "lastModified": 1652182392,
        "narHash": "sha256-H9Bmor+kfogrE0X7Fi5sh0gCUWDG4pnmYxedJyIT41A=",
        "owner": "NixOS",
        "repo": "nixpkgs",
        "rev": "aa2f845096f72dde4ad0c168eeec387cbd2eae04",
        "type": "github"
      },
      "original": {
        "owner": "NixOS",
        "ref": "nixos-21.11",
        "repo": "nixpkgs",
        "type": "github"
      }
    },
    "nixpkgs_3": {
      "locked": {
        "lastModified": 1651571855,
        "narHash": "sha256-KZie6c2J2DUPLjG2PkYSwGLvD6RygA3TxZSPQpctbNI=",
        "owner": "NixOS",
        "repo": "nixpkgs",
        "rev": "fd43ce017d4c95f47166d28664a004f57458a0b1",
        "type": "github"
      },
      "original": {
        "owner": "NixOS",
        "ref": "nixos-21.11",
        "repo": "nixpkgs",
        "type": "github"
      }
    },
    "radio-conf": {
      "inputs": {
        "nixpkgs": "nixpkgs_3",
        "utils": "utils_4"
      },
      "locked": {
        "lastModified": 1652218074,
        "narHash": "sha256-WA6zjsEN21gQDecFJ2AJZ7HZfSdG01H9Qiqchb3eBjU=",
        "owner": "dump-dvb",
        "repo": "radio-conf",
        "rev": "a97e09626bc7bf5a28b3e3ba02ce677e36bdc0db",
        "type": "github"
      },
      "original": {
        "owner": "dump-dvb",
        "repo": "radio-conf",
        "type": "github"
      }
    },
    "root": {
      "inputs": {
        "data-accumulator": "data-accumulator",
        "decode-server": "decode-server",
        "docs": "docs",
        "dvb-api": "dvb-api",
        "naersk": "naersk_2",
        "nixpkgs": "nixpkgs_2",
        "radio-conf": "radio-conf",
        "stops": "stops",
        "windshield": "windshield"
      }
    },
    "stops": {
      "flake": false,
      "locked": {
        "lastModified": 1652290634,
        "narHash": "sha256-C5lyj1M1VYYsRebGu+R/6UIT0M3GEJ4xhueuv2BeJ8A=",
        "owner": "dump-dvb",
        "repo": "stop-names",
        "rev": "a617888d7844758301827450363ea9cf24a133dd",
        "type": "github"
      },
      "original": {
        "owner": "dump-dvb",
        "repo": "stop-names",
        "type": "github"
      }
    },
    "utils": {
      "locked": {
        "lastModified": 1649676176,
        "narHash": "sha256-OWKJratjt2RW151VUlJPRALb7OU2S5s+f0vLj4o1bHM=",
        "owner": "numtide",
        "repo": "flake-utils",
        "rev": "a4b154ebbdc88c8498a5c7b01589addc9e9cb678",
        "type": "github"
      },
      "original": {
        "owner": "numtide",
        "repo": "flake-utils",
        "type": "github"
      }
    },
    "utils_2": {
      "locked": {
        "lastModified": 1649676176,
        "narHash": "sha256-OWKJratjt2RW151VUlJPRALb7OU2S5s+f0vLj4o1bHM=",
        "owner": "numtide",
        "repo": "flake-utils",
        "rev": "a4b154ebbdc88c8498a5c7b01589addc9e9cb678",
        "type": "github"
      },
      "original": {
        "owner": "numtide",
        "repo": "flake-utils",
        "type": "github"
      }
    },
    "utils_3": {
      "locked": {
        "lastModified": 1649676176,
        "narHash": "sha256-OWKJratjt2RW151VUlJPRALb7OU2S5s+f0vLj4o1bHM=",
        "owner": "numtide",
        "repo": "flake-utils",
        "rev": "a4b154ebbdc88c8498a5c7b01589addc9e9cb678",
        "type": "github"
      },
      "original": {
        "owner": "numtide",
        "repo": "flake-utils",
        "type": "github"
      }
    },
    "utils_4": {
      "locked": {
        "lastModified": 1649676176,
        "narHash": "sha256-OWKJratjt2RW151VUlJPRALb7OU2S5s+f0vLj4o1bHM=",
        "owner": "numtide",
        "repo": "flake-utils",
        "rev": "a4b154ebbdc88c8498a5c7b01589addc9e9cb678",
        "type": "github"
      },
      "original": {
        "owner": "numtide",
        "repo": "flake-utils",
        "type": "github"
      }
    },
    "utils_5": {
      "locked": {
        "lastModified": 1649676176,
        "narHash": "sha256-OWKJratjt2RW151VUlJPRALb7OU2S5s+f0vLj4o1bHM=",
        "owner": "numtide",
        "repo": "flake-utils",
        "rev": "a4b154ebbdc88c8498a5c7b01589addc9e9cb678",
        "type": "github"
      },
      "original": {
        "owner": "numtide",
        "repo": "flake-utils",
        "type": "github"
      }
    },
    "windshield": {
      "inputs": {
        "nixpkgs": [
          "nixpkgs"
        ],
        "utils": "utils_5"
      },
      "locked": {
        "lastModified": 1652226534,
        "narHash": "sha256-k8FC8+cH6V5HyiKwYgjFW2TAf87FG7JuaTUrUI4cfSA=",
        "owner": "dump-dvb",
        "repo": "windshield",
        "rev": "b65d33124cdf5bf8dba4f91a9ba76064f80ad5f4",
        "type": "github"
      },
      "original": {
        "owner": "dump-dvb",
        "repo": "windshield",
        "type": "github"
      }
    }
  },
  "root": "root",
  "version": 7
}
